
Microsoft Visual Studio Solution File, Format Version 12.00
# Visual Studio Version 16
VisualStudioVersion = 25.0.1706.14
MinimumVisualStudioVersion = 10.0.40219.1
Project("{FAE04EC0-301F-11D3-BF4B-00C04F79EFBC}") = "Fall2024-Assignment3-ascurry", "Fall2024-Assignment3-ascurry.csproj", "{24413E05-B338-4B1B-B2A7-9C931EEE0E4F}"
EndProject
Global
	GlobalSection(SolutionConfigurationPlatforms) = preSolution
		Debug|Any CPU = Debug|Any CPU
		Release|Any CPU = Release|Any CPU
	EndGlobalSection
	GlobalSection(ProjectConfigurationPlatforms) = postSolution
		{24413E05-B338-4B1B-B2A7-9C931EEE0E4F}.Debug|Any CPU.ActiveCfg = Debug|Any CPU
		{24413E05-B338-4B1B-B2A7-9C931EEE0E4F}.Debug|Any CPU.Build.0 = Debug|Any CPU
		{24413E05-B338-4B1B-B2A7-9C931EEE0E4F}.Release|Any CPU.ActiveCfg = Release|Any CPU
		{24413E05-B338-4B1B-B2A7-9C931EEE0E4F}.Release|Any CPU.Build.0 = Release|Any CPU
	EndGlobalSection
	GlobalSection(SolutionProperties) = preSolution
		HideSolutionNode = FALSE
	EndGlobalSection
	GlobalSection(ExtensibilityGlobals) = postSolution
		SolutionGuid = {EB9187B7-C62F-4143-A983-CF09AF80C7EC}
	EndGlobalSection
EndGlobal
